<?xml version="1.0" encoding="utf-8"?>
<Project ToolsVersion="4.0" xmlns="http://schemas.microsoft.com/developer/msbuild/2003">
  <ItemGroup>
    <Filter Include="Source Files">
      <UniqueIdentifier>{4FC737F1-C7A5-4376-A066-2A32D752A2FF}</UniqueIdentifier>
      <Extensions>cpp;c;cc;cxx;c++;cppm;ixx;def;odl;idl;hpj;bat;asm;asmx</Extensions>
    </Filter>
    <Filter Include="Header Files">
      <UniqueIdentifier>{93995380-89BD-4b04-88EB-625FBE52EBFB}</UniqueIdentifier>
      <Extensions>h;hh;hpp;hxx;h++;hm;inl;inc;ipp;xsd</Extensions>
    </Filter>
    <Filter Include="Resource Files">
      <UniqueIdentifier>{67DA6AB6-F800-4c08-8B7A-83BB121AAD01}</UniqueIdentifier>
      <Extensions>rc;ico;cur;bmp;dlg;rc2;rct;bin;rgs;gif;jpg;jpeg;jpe;resx;tiff;tif;png;wav;mfcribbon-ms</Extensions>
    </Filter>
    <Filter Include="Header Files\Engine">
      <UniqueIdentifier>{87ec24d0-eef7-403a-8a9d-49016f00f336}</UniqueIdentifier>
    </Filter>
    <Filter Include="Source Files\Engine">
      <UniqueIdentifier>{4bd52247-4534-48b8-9892-cf1be24ac49a}</UniqueIdentifier>
    </Filter>
    <Filter Include="Header Files\Helper">
      <UniqueIdentifier>{95b9e197-0e7e-4af3-b041-4918c4c0e8a1}</UniqueIdentifier>
    </Filter>
    <Filter Include="Source Files\Helper">
      <UniqueIdentifier>{9b9acf19-7790-4518-997e-7aa29ca11007}</UniqueIdentifier>
    </Filter>
    <Filter Include="Resource Files\Shaders">
      <UniqueIdentifier>{df2aeb42-ffb3-4418-a288-271c3926c669}</UniqueIdentifier>
    </Filter>
    <Filter Include="Source Files\Game">
      <UniqueIdentifier>{27b8a46b-b870-41c2-9a77-1130931e073b}</UniqueIdentifier>
    </Filter>
    <Filter Include="Source Files\Engine\Input System">
      <UniqueIdentifier>{275c9819-8038-40d4-b701-d0513a6a1a29}</UniqueIdentifier>
    </Filter>
    <Filter Include="Header Files\Game">
      <UniqueIdentifier>{3a0234da-34b5-4e23-a5b1-7be4e1c682ca}</UniqueIdentifier>
    </Filter>
    <Filter Include="Header Files\Engine\Input System">
      <UniqueIdentifier>{b5578723-5de1-47f3-96cd-3d8c76f7629c}</UniqueIdentifier>
    </Filter>
    <Filter Include="Header Files\Engine\Renderer">
      <UniqueIdentifier>{f0c1b6cf-a9b5-47e0-a321-03fb33591ad6}</UniqueIdentifier>
    </Filter>
    <Filter Include="Header Files\Engine\Renderer\DX12Renderer">
      <UniqueIdentifier>{e56b8b6c-72ef-4bf6-891d-e102398100a5}</UniqueIdentifier>
    </Filter>
    <Filter Include="Header Files\Engine\Math">
      <UniqueIdentifier>{d37dd9c7-e994-4e9a-b5c2-8d382d307322}</UniqueIdentifier>
    </Filter>
    <Filter Include="Source Files\Engine\Renderer">
      <UniqueIdentifier>{56bbb743-0e87-4960-b852-4fa4a5280d5f}</UniqueIdentifier>
    </Filter>
    <Filter Include="Source Files\Engine\Renderer\DX2Renderer">
      <UniqueIdentifier>{048976fb-5860-42e1-8630-83a17bd17d1a}</UniqueIdentifier>
    </Filter>
    <Filter Include="Header Files\Engine\Input System\Xbox">
      <UniqueIdentifier>{7a96add6-8ca4-4cd9-8912-849d01cb8a26}</UniqueIdentifier>
    </Filter>
    <Filter Include="Source Files\Engine\Input System\Xbox">
      <UniqueIdentifier>{dcffb177-00d3-4de0-b606-6f55adf64d9c}</UniqueIdentifier>
    </Filter>
    <Filter Include="Header Files\Engine\World Manager">
      <UniqueIdentifier>{91702e22-de5a-4d9e-8fb7-fe0ab04eaded}</UniqueIdentifier>
    </Filter>
    <Filter Include="Header Files\Engine\World Manager\Scene Manager">
      <UniqueIdentifier>{cc89332c-14ef-4cad-a731-fadf23906ccf}</UniqueIdentifier>
    </Filter>
    <Filter Include="Header Files\Engine\World Manager\Scene Manager\Entity">
      <UniqueIdentifier>{ee2a8c6e-63ab-4efe-989c-483c64ac999e}</UniqueIdentifier>
    </Filter>
    <Filter Include="Header Files\Engine\World Manager\Scene Manager\Entity\Mesh">
      <UniqueIdentifier>{916755c0-a897-4799-a6fc-7727c3e648a7}</UniqueIdentifier>
    </Filter>
    <Filter Include="Header Files\Engine\World Manager\Scene Manager\ResourceManager">
      <UniqueIdentifier>{7821fa3b-eb40-48f5-9acd-d034136a8267}</UniqueIdentifier>
    </Filter>
    <Filter Include="Header Files\Engine\World Manager\Scene Manager\OctTree">
      <UniqueIdentifier>{a02bf695-f9e6-43b3-86a8-e57d25ff2856}</UniqueIdentifier>
    </Filter>
    <Filter Include="Source Files\Engine\World Manager">
      <UniqueIdentifier>{9ae901d9-5468-4a34-9feb-d4dc1780e556}</UniqueIdentifier>
    </Filter>
    <Filter Include="Source Files\Engine\World Manager\Scene Manager">
      <UniqueIdentifier>{1834a152-6a64-4816-ac7a-f84c88cd0e3b}</UniqueIdentifier>
    </Filter>
    <Filter Include="Source Files\Engine\World Manager\Scene Manager\Entity">
      <UniqueIdentifier>{048c1f24-862a-4330-ac79-5cebe39d6a65}</UniqueIdentifier>
    </Filter>
    <Filter Include="Source Files\Engine\World Manager\Scene Manager\Entity\Mesh">
      <UniqueIdentifier>{0de30c2d-e99b-457f-ab11-6cf1ac097a9a}</UniqueIdentifier>
    </Filter>
    <Filter Include="Source Files\Engine\World Manager\Scene Manager\ResourceManager">
      <UniqueIdentifier>{aabd4978-14ad-4d63-81fb-899e5a312956}</UniqueIdentifier>
    </Filter>
    <Filter Include="Source Files\Engine\World Manager\Scene Manager\OctTree">
      <UniqueIdentifier>{ef3867d0-47be-40ab-8f90-dd188479f8b3}</UniqueIdentifier>
    </Filter>
    <Filter Include="Source Files\Engine\Camera">
      <UniqueIdentifier>{660204ff-0d65-4db5-8aa9-e6ee8eaf3865}</UniqueIdentifier>
    </Filter>
    <Filter Include="Header Files\Engine\Camera">
      <UniqueIdentifier>{46975459-7bdd-4461-98d5-c4ac289fc850}</UniqueIdentifier>
    </Filter>
    <Filter Include="Header Files\Engine\World Manager\Player">
      <UniqueIdentifier>{47407db7-5c21-4431-b332-b4d50f908647}</UniqueIdentifier>
    </Filter>
    <Filter Include="Header Files\Engine\World Manager\Player\Player Animator">
      <UniqueIdentifier>{1a00e7bd-137d-4e5e-839f-d8fc6273664a}</UniqueIdentifier>
    </Filter>
    <Filter Include="Header Files\Engine\World Manager\Player\Player Logic">
      <UniqueIdentifier>{15fa30da-709a-47d7-adb2-67dd11795d4d}</UniqueIdentifier>
    </Filter>
    <Filter Include="Source Files\Engine\World Manager\Player">
      <UniqueIdentifier>{2053f30a-5b5a-4fa4-9be0-75be74a571e8}</UniqueIdentifier>
    </Filter>
    <Filter Include="Source Files\Game\Game Timer">
      <UniqueIdentifier>{a87c741c-6bfc-4311-aeb6-03c3b68185e7}</UniqueIdentifier>
    </Filter>
    <Filter Include="Source Files\Engine\World Manager\Player\Player Animator">
      <UniqueIdentifier>{ccc6836d-acd0-4244-b814-7151192d43be}</UniqueIdentifier>
    </Filter>
    <Filter Include="Source Files\Engine\World Manager\Player\Player Logic">
      <UniqueIdentifier>{9a8a6cf5-7429-4aff-a352-c5aae925efbe}</UniqueIdentifier>
    </Filter>
    <Filter Include="Header Files\Game\Game Timer">
      <UniqueIdentifier>{93dbeb26-58da-40ee-9506-2c0dc75d429c}</UniqueIdentifier>
    </Filter>
    <Filter Include="Source Files\Game\Game State">
      <UniqueIdentifier>{7783b8a4-58aa-432c-a700-5c5d5a908453}</UniqueIdentifier>
    </Filter>
    <Filter Include="Header Files\Game\Game State">
      <UniqueIdentifier>{4059241d-9d4c-424c-a84a-cf836277a80c}</UniqueIdentifier>
    </Filter>
    <Filter Include="Header Files\Engine\Physics System">
      <UniqueIdentifier>{1466d8c3-4adc-4131-94ab-f67361d4e2a8}</UniqueIdentifier>
    </Filter>
    <Filter Include="Source Files\Engine\Physics System">
      <UniqueIdentifier>{ab08eb71-e007-4c55-b5ad-c183255befb9}</UniqueIdentifier>
    </Filter>
    <Filter Include="Header Files\Engine\World Manager\Scene Manager\Chunks Manager">
      <UniqueIdentifier>{2a9c5895-04e9-40d4-b246-1ac1efc1fa1e}</UniqueIdentifier>
    </Filter>
    <Filter Include="Header Files\Engine\World Manager\Scene Manager\Chunks Manager\Chunk">
      <UniqueIdentifier>{8b24f5a3-0ef7-4baf-a72a-aee52371483c}</UniqueIdentifier>
    </Filter>
    <Filter Include="Header Files\Engine\World Manager\Scene Manager\ResourceManager\Terrain Manager">
      <UniqueIdentifier>{653c9814-bee6-4ef0-93b4-ab90cc68024d}</UniqueIdentifier>
    </Filter>
    <Filter Include="Source Files\Engine\World Manager\Scene Manager\ResourceManager\Terrain Manager">
      <UniqueIdentifier>{eeeb800f-ae1d-4261-8123-0a1d59f8cbb6}</UniqueIdentifier>
    </Filter>
    <Filter Include="Source Files\Engine\World Manager\Scene Manager\Chunks Manager">
      <UniqueIdentifier>{04fc7e89-bfb8-4953-a6d1-2e1e15b28181}</UniqueIdentifier>
    </Filter>
    <Filter Include="Source Files\Engine\World Manager\Scene Manager\Chunks Manager\Chunk">
      <UniqueIdentifier>{a32d695c-89b1-4031-a8af-50c8b1b56525}</UniqueIdentifier>
    </Filter>
    <Filter Include="Source Files\Engine\World Manager\Scene Manager\Lights">
      <UniqueIdentifier>{36d37aa7-5860-42e3-82ab-a2e3986d5042}</UniqueIdentifier>
    </Filter>
    <Filter Include="Header Files\Engine\World Manager\Scene Manager\Lights">
      <UniqueIdentifier>{dcae6fcf-d6b8-43b6-bdb4-0006bb04b191}</UniqueIdentifier>
    </Filter>
    <Filter Include="Header Files\Engine\World Manager\Scene Manager\Lights\Directional">
      <UniqueIdentifier>{578e80b1-a4cd-461b-8a3b-952492c87cd9}</UniqueIdentifier>
    </Filter>
    <Filter Include="Source Files\Engine\World Manager\Scene Manager\Lights\Directional">
      <UniqueIdentifier>{052dd864-b802-492f-8084-510b0977b58c}</UniqueIdentifier>
    </Filter>
    <Filter Include="Source Files\Engine\World Manager\Scene Manager\Lights\Lights Manager">
      <UniqueIdentifier>{eba3e0e1-cde9-4955-bc1c-c305c7f5be67}</UniqueIdentifier>
    </Filter>
    <Filter Include="Header Files\Engine\World Manager\Scene Manager\Lights\Lights Manager">
      <UniqueIdentifier>{a00bd458-c83e-4317-975c-1d838b9824cb}</UniqueIdentifier>
    </Filter>
    <Filter Include="Source Files\Engine\World Manager\Scene Manager\ResourceManager\Materials Manager">
      <UniqueIdentifier>{0e9efc71-6e0b-4517-8792-a244e079f21f}</UniqueIdentifier>
    </Filter>
    <Filter Include="Header Files\Engine\World Manager\Scene Manager\ResourceManager\Materials Manager">
      <UniqueIdentifier>{78aa5999-96ec-4f8c-b190-4aed05fe9a21}</UniqueIdentifier>
    </Filter>
    <Filter Include="Header Files\Engine\World Manager\Scene Manager\ResourceManager\Materials Manager\Material">
      <UniqueIdentifier>{6663da2c-bf07-4ab8-8845-777dbe656434}</UniqueIdentifier>
    </Filter>
    <Filter Include="Source Files\Engine\World Manager\Scene Manager\ResourceManager\Materials Manager\Material">
      <UniqueIdentifier>{79dccd46-8652-431a-929e-a3eeff0b029c}</UniqueIdentifier>
    </Filter>
    <Filter Include="Header Files\Engine\Renderer\DX12Renderer\DDS Texture Loader">
      <UniqueIdentifier>{f1cb90c5-0e1c-4ba8-b8fa-16cbaa135f54}</UniqueIdentifier>
    </Filter>
    <Filter Include="Source Files\Engine\Renderer\DX2Renderer\DDS Texture Loader">
      <UniqueIdentifier>{b3badeb2-f80a-4f65-b934-37757801c05a}</UniqueIdentifier>
    </Filter>
    <Filter Include="Header Files\Engine\Renderer\DX12Renderer\DX12 Texture">
      <UniqueIdentifier>{71599d4b-9423-4c97-88b3-60fd0350fe0c}</UniqueIdentifier>
    </Filter>
    <Filter Include="Header Files\Engine\World Manager\Scene Manager\ResourceManager\Texture Manager">
      <UniqueIdentifier>{8e033669-0403-4ae9-b460-c29e4d16f5c1}</UniqueIdentifier>
    </Filter>
    <Filter Include="Header Files\Engine\World Manager\Scene Manager\ResourceManager\Texture Manager\Texture Asset">
      <UniqueIdentifier>{289b039e-faa3-43e2-a843-8f3cafe59cf6}</UniqueIdentifier>
    </Filter>
    <Filter Include="Source Files\Engine\World Manager\Scene Manager\ResourceManager\Texture Manager">
      <UniqueIdentifier>{cde72cb7-b80d-4b85-92cf-4e35a799adca}</UniqueIdentifier>
    </Filter>
    <Filter Include="Source Files\Engine\World Manager\Scene Manager\ResourceManager\Texture Manager\Texture Asset">
      <UniqueIdentifier>{a5b5a49a-ecc0-4a7b-b1ed-8c31bd66f3d4}</UniqueIdentifier>
    </Filter>
    <Filter Include="Resource Files\Heightmaps">
      <UniqueIdentifier>{e6288bf2-8b7d-4829-805e-70edcba6c061}</UniqueIdentifier>
    </Filter>
    <Filter Include="Resource Files\Textures">
      <UniqueIdentifier>{e82c2f15-33f8-48df-8634-7177dd2a27c3}</UniqueIdentifier>
    </Filter>
    <Filter Include="Header Files\Engine\Debug System">
      <UniqueIdentifier>{e54918be-cfb3-4e57-be2f-f4b3f9881d79}</UniqueIdentifier>
    </Filter>
    <Filter Include="Resource Files\Fonts">
      <UniqueIdentifier>{4034f9fa-ebcb-4253-9168-d18a8046e5a8}</UniqueIdentifier>
    </Filter>
    <Filter Include="Resource Files\Shaders\Debug System">
      <UniqueIdentifier>{3e06e42d-5a7e-48f3-af1f-b942bd6ddf60}</UniqueIdentifier>
    </Filter>
    <Filter Include="Source Files\Engine\Debug System">
      <UniqueIdentifier>{01c1bd44-2aa0-4c71-96b2-8f517577f749}</UniqueIdentifier>
    </Filter>
    <Filter Include="Resource Files\Shaders\Blur">
      <UniqueIdentifier>{4bad4f0f-bb62-4d4a-9151-e1e34952259e}</UniqueIdentifier>
    </Filter>
    <Filter Include="Header Files\Engine\Renderer\DX12Renderer\DX12 Upload Buffers">
      <UniqueIdentifier>{7ff0e114-179d-4aa5-b706-d3ab0416c9ea}</UniqueIdentifier>
    </Filter>
    <Filter Include="Header Files\Engine\Renderer\DX12Renderer\DX12 Frame Resource">
      <UniqueIdentifier>{7f0276f2-13fc-4e02-9934-01b7ee633ba6}</UniqueIdentifier>
    </Filter>
    <Filter Include="Header Files\Engine\Renderer\DX12Renderer\DX12 Pipeline Pass">
      <UniqueIdentifier>{9f20687c-ba7b-405f-8325-f50c86fdda02}</UniqueIdentifier>
    </Filter>
    <Filter Include="Source Files\Engine\Renderer\DX2Renderer\DX12 Frame Resource">
      <UniqueIdentifier>{a97c7d0e-7e62-46d0-9ee0-31fb2b017192}</UniqueIdentifier>
    </Filter>
    <Filter Include="Source Files\Engine\Renderer\DX2Renderer\DX12 Pipeline Pass">
      <UniqueIdentifier>{79a91fca-8590-45ef-9d48-11baf5f9eb03}</UniqueIdentifier>
    </Filter>
    <Filter Include="Header Files\Engine\Renderer\DX12Renderer\DX12 Pipeline Pass\Debug System Pass">
      <UniqueIdentifier>{242693ba-6ae9-4aeb-b609-0dc7008c8da1}</UniqueIdentifier>
    </Filter>
    <Filter Include="Header Files\Engine\Renderer\DX12Renderer\DX12 Pipeline Pass\Blur Pass">
      <UniqueIdentifier>{16a36288-fa64-4f36-b6ea-b3ce53d57550}</UniqueIdentifier>
    </Filter>
    <Filter Include="Source Files\Engine\Renderer\DX2Renderer\DX12 Pipeline Pass\Blur Pass">
      <UniqueIdentifier>{0f0e05e9-6afb-4041-a980-cfecbe45c3ec}</UniqueIdentifier>
    </Filter>
    <Filter Include="Source Files\Engine\Renderer\DX2Renderer\DX12 Pipeline Pass\Debug System Pass">
      <UniqueIdentifier>{d233ff54-66e5-4958-8060-ec9f135542bd}</UniqueIdentifier>
    </Filter>
    <Filter Include="Header Files\Engine\Renderer\DX12Renderer\DX12 Pipeline Pass\Pipeline Pass Aggregator">
      <UniqueIdentifier>{600f879a-f371-4387-89da-25d116867ea9}</UniqueIdentifier>
    </Filter>
    <Filter Include="Source Files\Engine\Renderer\DX2Renderer\DX12 Pipeline Pass\Pipeline Pass Aggregator">
      <UniqueIdentifier>{36ffb6e0-8cc6-4a83-a966-1bcb8c06b2b2}</UniqueIdentifier>
    </Filter>
    <Filter Include="Header Files\Engine\Renderer\DX12Renderer\DX12 Data Structures">
      <UniqueIdentifier>{c7a4f690-3bb7-4076-bbef-2eb052a8ec64}</UniqueIdentifier>
    </Filter>
    <Filter Include="Header Files\Engine\Renderer\DX12Renderer\DX12 Pipeline Pass\Opaque Render Pass">
      <UniqueIdentifier>{e4970f54-fbef-4161-a01e-2b7da456e370}</UniqueIdentifier>
    </Filter>
    <Filter Include="Source Files\Engine\Renderer\DX2Renderer\DX12 Pipeline Pass\Opaque Render Pass">
      <UniqueIdentifier>{457e21f0-2fe6-4d4a-8a6c-3d14dc91008a}</UniqueIdentifier>
    </Filter>
    <Filter Include="Header Files\Engine\World Manager\Scene">
      <UniqueIdentifier>{8aa6a497-e45d-45c7-bbe3-da52aacb9db6}</UniqueIdentifier>
    </Filter>
    <Filter Include="Source Files\Engine\World Manager\Scene">
      <UniqueIdentifier>{20d480b2-65b2-4032-bee1-fbb6b527ea9f}</UniqueIdentifier>
    </Filter>
    <Filter Include="Resource Files\Shaders\Opaque Render System">
      <UniqueIdentifier>{58c9e7af-d4a2-40a2-a0a8-804874d68e0b}</UniqueIdentifier>
    </Filter>
    <Filter Include="Header Files\Engine\Audio System">
      <UniqueIdentifier>{66cba619-05de-426f-89ad-d80dd6aafd27}</UniqueIdentifier>
    </Filter>
    <Filter Include="Source Files\Engine\Audio System">
      <UniqueIdentifier>{d0dc2ec8-bf09-4fed-b812-1f0761070fc9}</UniqueIdentifier>
    </Filter>
    <Filter Include="Resource Files\Audio">
      <UniqueIdentifier>{841d78df-3e97-4c9c-bcc1-6b1d4930687c}</UniqueIdentifier>
    </Filter>
    <Filter Include="Resource Files\Audio\Background">
      <UniqueIdentifier>{783b0740-f1d0-491b-a1c6-d348d12f2bea}</UniqueIdentifier>
    </Filter>
    <Filter Include="Resource Files\Audio\SFX">
      <UniqueIdentifier>{6f23b955-0fc6-48be-9c80-544d1cd54185}</UniqueIdentifier>
    </Filter>
    <Filter Include="Header Files\Engine\Audio System\Audio Manager">
      <UniqueIdentifier>{eca88705-33e6-4793-ab41-e9f20cffe5ee}</UniqueIdentifier>
    </Filter>
    <Filter Include="Source Files\Engine\Audio System\Audio Manager">
      <UniqueIdentifier>{75225537-caae-4270-af30-bb6698007513}</UniqueIdentifier>
    </Filter>
    <Filter Include="Header Files\Engine\Audio System\Audio Manager\Audio Memory Arena">
      <UniqueIdentifier>{553a4fc4-8bcd-4d9d-bdb1-7776de05b640}</UniqueIdentifier>
    </Filter>
    <Filter Include="Source Files\Engine\Audio System\Audio Manager\Audio Memory Arena">
      <UniqueIdentifier>{dd4ff7ee-afcd-454d-8a94-0ad7e6156b25}</UniqueIdentifier>
    </Filter>
  </ItemGroup>
  <ItemGroup>
    <ClInclude Include="Source\Helper\Helper.h">
      <Filter>Header Files\Helper</Filter>
    </ClInclude>
    <ClInclude Include="Source\Engine\Camera\Camera.h">
      <Filter>Header Files\Engine\Camera</Filter>
    </ClInclude>
    <ClInclude Include="Source\Helper\Logger.h">
      <Filter>Header Files\Helper</Filter>
    </ClInclude>
    <ClInclude Include="Source\Engine\Input System\IInputSystem.h">
      <Filter>Header Files\Engine\Input System</Filter>
    </ClInclude>
    <ClInclude Include="Source\Engine\Renderer\DX12Renderer\d3dx12.h">
      <Filter>Header Files\Engine\Renderer\DX12Renderer</Filter>
    </ClInclude>
    <ClInclude Include="Source\DX12Demo.h">
      <Filter>Header Files</Filter>
    </ClInclude>
    <ClInclude Include="Source\Engine\Renderer\DX12Renderer\DX12RendererHelper.h">
      <Filter>Header Files\Engine\Renderer\DX12Renderer</Filter>
    </ClInclude>
    <ClInclude Include="Source\Engine\Renderer\DX12Renderer\DX12RenderItem.h">
      <Filter>Header Files\Engine\Renderer\DX12Renderer</Filter>
    </ClInclude>
    <ClInclude Include="Source\Engine\Renderer\IRenderer.h">
      <Filter>Header Files\Engine\Renderer</Filter>
    </ClInclude>
    <ClInclude Include="Source\Engine\EngineCore.h">
      <Filter>Header Files\Engine</Filter>
    </ClInclude>
    <ClInclude Include="Source\Engine\Renderer\DX12Renderer\DX12Renderer.h">
      <Filter>Header Files\Engine\Renderer\DX12Renderer</Filter>
    </ClInclude>
    <ClInclude Include="Source\Engine\Math\EngineMath.h">
      <Filter>Header Files\Engine\Math</Filter>
    </ClInclude>
    <ClInclude Include="Source\Engine\Math\MathHelper.h">
      <Filter>Header Files\Engine\Math</Filter>
    </ClInclude>
    <ClInclude Include="Source\Engine\Math\Matrix.h">
      <Filter>Header Files\Engine\Math</Filter>
    </ClInclude>
    <ClInclude Include="Source\Engine\Math\BasisVectors.h">
      <Filter>Header Files\Engine\Math</Filter>
    </ClInclude>
    <ClInclude Include="Source\Engine\Input System\XBox\XboxInputSystem.h">
      <Filter>Header Files\Engine\Input System\Xbox</Filter>
    </ClInclude>
    <ClInclude Include="Source\Engine\Math\Vector.h">
      <Filter>Header Files\Engine\Math</Filter>
    </ClInclude>
    <ClInclude Include="Source\Engine\World Manager\WorldManager.h">
      <Filter>Header Files\Engine\World Manager</Filter>
    </ClInclude>
    <ClInclude Include="Source\Engine\World Manager\Scene Manager\SceneManager.h">
      <Filter>Header Files\Engine\World Manager\Scene Manager</Filter>
    </ClInclude>
    <ClInclude Include="Source\Engine\World Manager\Scene Manager\Resource Manager\ResourceManager.h">
      <Filter>Header Files\Engine\World Manager\Scene Manager\ResourceManager</Filter>
    </ClInclude>
    <ClInclude Include="Source\Engine\World Manager\Scene Manager\OctTree\OctTreeNode.h">
      <Filter>Header Files\Engine\World Manager\Scene Manager\OctTree</Filter>
    </ClInclude>
    <ClInclude Include="Source\Engine\World Manager\Scene Manager\OctTree\OctTree.h">
      <Filter>Header Files\Engine\World Manager\Scene Manager\OctTree</Filter>
    </ClInclude>
    <ClInclude Include="Source\Game\Game.h">
      <Filter>Header Files\Game</Filter>
    </ClInclude>
    <ClInclude Include="Source\Engine\World Manager\Scene Manager\Entity\Entity.h">
      <Filter>Header Files\Engine\World Manager\Scene Manager\Entity</Filter>
    </ClInclude>
    <ClInclude Include="Source\Engine\World Manager\Scene Manager\Entity\PerPassAndPerEntityConstantBufferData.h">
      <Filter>Header Files\Engine\World Manager\Scene Manager\Entity</Filter>
    </ClInclude>
    <ClInclude Include="Source\Engine\World Manager\Scene Manager\Entity\Mesh\Mesh.h">
      <Filter>Header Files\Engine\World Manager\Scene Manager\Entity\Mesh</Filter>
    </ClInclude>
    <ClInclude Include="Source\Engine\World Manager\WorldDimensions.h">
      <Filter>Header Files\Engine\World Manager</Filter>
    </ClInclude>
    <ClInclude Include="Source\Engine\World Manager\Player\Player.h">
      <Filter>Header Files\Engine\World Manager\Player</Filter>
    </ClInclude>
    <ClInclude Include="Source\Engine\World Manager\Player\Player Animator\PlayerAnimator.h">
      <Filter>Header Files\Engine\World Manager\Player\Player Animator</Filter>
    </ClInclude>
    <ClInclude Include="Source\Engine\World Manager\Player\Player Logic\PlayerLogic.h">
      <Filter>Header Files\Engine\World Manager\Player\Player Logic</Filter>
    </ClInclude>
    <ClInclude Include="Source\Game\Game Timer\GameTimer.h">
      <Filter>Header Files\Game\Game Timer</Filter>
    </ClInclude>
    <ClInclude Include="Source\Game\Game State\GameState.h">
      <Filter>Header Files\Game\Game State</Filter>
    </ClInclude>
    <ClInclude Include="Source\Engine\Input System\GameButton.h">
      <Filter>Header Files\Engine\Input System</Filter>
    </ClInclude>
    <ClInclude Include="Source\Engine\Physics System\PhysicsBody.h">
      <Filter>Header Files\Engine\Physics System</Filter>
    </ClInclude>
    <ClInclude Include="Source\Engine\Math\Geometry.h">
      <Filter>Header Files\Engine\Math</Filter>
    </ClInclude>
    <ClInclude Include="Source\Engine\Math\GeometryHelper.h">
      <Filter>Header Files\Engine\Math</Filter>
    </ClInclude>
    <ClInclude Include="Source\Engine\Physics System\PhysicsSystem.h">
      <Filter>Header Files\Engine\Physics System</Filter>
    </ClInclude>
    <ClInclude Include="Source\Engine\Physics System\CollisionResult.h">
      <Filter>Header Files\Engine\Physics System</Filter>
    </ClInclude>
    <ClInclude Include="Source\Engine\World Manager\Scene Manager\Lights\ILight.h">
      <Filter>Header Files\Engine\World Manager\Scene Manager\Lights</Filter>
    </ClInclude>
    <ClInclude Include="Source\Engine\World Manager\Scene Manager\Chunks Manager\ChunkSlot.h">
      <Filter>Header Files\Engine\World Manager\Scene Manager\Chunks Manager</Filter>
    </ClInclude>
    <ClInclude Include="Source\Engine\World Manager\Scene Manager\Chunks Manager\ChunksManager.h">
      <Filter>Header Files\Engine\World Manager\Scene Manager\Chunks Manager</Filter>
    </ClInclude>
    <ClInclude Include="Source\Engine\World Manager\Scene Manager\Chunks Manager\Chunk\Chunk.h">
      <Filter>Header Files\Engine\World Manager\Scene Manager\Chunks Manager\Chunk</Filter>
    </ClInclude>
    <ClInclude Include="Source\Engine\World Manager\Scene Manager\Resource Manager\Terrain Manager\TerrainManager.h">
      <Filter>Header Files\Engine\World Manager\Scene Manager\ResourceManager\Terrain Manager</Filter>
    </ClInclude>
    <ClInclude Include="Source\Engine\Math\ColorHelper.h">
      <Filter>Header Files\Engine\Math</Filter>
    </ClInclude>
    <ClInclude Include="Source\Helper\stb_image.h">
      <Filter>Header Files\Helper</Filter>
    </ClInclude>
    <ClInclude Include="Source\Engine\World Manager\Scene Manager\Lights\LightData.h">
      <Filter>Header Files\Engine\World Manager\Scene Manager\Lights</Filter>
    </ClInclude>
    <ClInclude Include="Source\Engine\World Manager\Scene Manager\Lights\Directional Lights\DirectionalLight.h">
      <Filter>Header Files\Engine\World Manager\Scene Manager\Lights\Directional</Filter>
    </ClInclude>
    <ClInclude Include="Source\Engine\World Manager\Scene Manager\Lights\Lights Manager\LightsManager.h">
      <Filter>Header Files\Engine\World Manager\Scene Manager\Lights\Lights Manager</Filter>
    </ClInclude>
    <ClInclude Include="Source\Engine\World Manager\Scene Manager\Resource Manager\Materials Manager\MaterialsManager.h">
      <Filter>Header Files\Engine\World Manager\Scene Manager\ResourceManager\Materials Manager</Filter>
    </ClInclude>
    <ClInclude Include="Source\Engine\World Manager\Scene Manager\Resource Manager\Materials Manager\Material\Material.h">
      <Filter>Header Files\Engine\World Manager\Scene Manager\ResourceManager\Materials Manager\Material</Filter>
    </ClInclude>
    <ClInclude Include="Source\Engine\Renderer\DX12Renderer\DDS Loader\DDSTextureLoader.h">
      <Filter>Header Files\Engine\Renderer\DX12Renderer\DDS Texture Loader</Filter>
    </ClInclude>
    <ClInclude Include="Source\Engine\Renderer\DX12Renderer\DX12 Texture\DX12Texture.h">
      <Filter>Header Files\Engine\Renderer\DX12Renderer\DX12 Texture</Filter>
    </ClInclude>
    <ClInclude Include="Source\Engine\World Manager\Scene Manager\Resource Manager\Texture Manager\Texture Asset\TextureAsset.h">
      <Filter>Header Files\Engine\World Manager\Scene Manager\ResourceManager\Texture Manager\Texture Asset</Filter>
    </ClInclude>
    <ClInclude Include="Source\Engine\World Manager\Scene Manager\Resource Manager\Texture Manager\TextureManager.h">
      <Filter>Header Files\Engine\World Manager\Scene Manager\ResourceManager\Texture Manager</Filter>
    </ClInclude>
    <ClInclude Include="Source\Engine\EngineConfig.h">
      <Filter>Header Files\Engine</Filter>
    </ClInclude>
    <ClInclude Include="Source\Engine\World Manager\Scene Manager\Resource Manager\Materials Manager\Material\MaterialData.h">
      <Filter>Header Files\Engine\World Manager\Scene Manager\ResourceManager\Materials Manager\Material</Filter>
    </ClInclude>
    <ClInclude Include="Source\Game\Game State\DebugGameState.h">
      <Filter>Header Files\Engine\Debug System</Filter>
    </ClInclude>
    <ClInclude Include="Source\Engine\Debug System\DebugLimits.h">
      <Filter>Header Files\Engine\Debug System</Filter>
    </ClInclude>
    <ClInclude Include="Source\Engine\Debug System\DebugSystem.h">
      <Filter>Header Files\Engine\Debug System</Filter>
    </ClInclude>
    <ClInclude Include="Source\Engine\Debug System\DebugSystemDataStructures.h">
      <Filter>Header Files\Engine\Debug System</Filter>
    </ClInclude>
    <ClInclude Include="Source\Engine\Renderer\DX12Renderer\DX12 Upload Buffers\DX12DefaultUploadBuffer.h">
      <Filter>Header Files\Engine\Renderer\DX12Renderer\DX12 Upload Buffers</Filter>
    </ClInclude>
    <ClInclude Include="Source\Engine\Renderer\DX12Renderer\DX12 Upload Buffers\DX12StructuredUploadBuffer.h">
      <Filter>Header Files\Engine\Renderer\DX12Renderer\DX12 Upload Buffers</Filter>
    </ClInclude>
    <ClInclude Include="Source\Engine\Renderer\DX12Renderer\DX12 Frame Resource\DX12FrameResource.h">
      <Filter>Header Files\Engine\Renderer\DX12Renderer\DX12 Frame Resource</Filter>
    </ClInclude>
    <ClInclude Include="Source\Engine\Renderer\DX12Renderer\DX12 Pipeline Pass\IDX12PipelinePass.h">
      <Filter>Header Files\Engine\Renderer\DX12Renderer\DX12 Pipeline Pass</Filter>
    </ClInclude>
    <ClInclude Include="Source\Engine\Renderer\DX12Renderer\DX12 Pipeline Pass\Debug Pass\DX12DebugSystemPipelinePass.h">
      <Filter>Header Files\Engine\Renderer\DX12Renderer\DX12 Pipeline Pass\Debug System Pass</Filter>
    </ClInclude>
    <ClInclude Include="Source\Engine\Renderer\DX12Renderer\DX12RendererConfig.h">
      <Filter>Header Files\Engine\Renderer\DX12Renderer</Filter>
    </ClInclude>
    <ClInclude Include="Source\Engine\World Manager\Scene Manager\Resource Manager\Texture Manager\TextureID.h">
      <Filter>Header Files\Engine\World Manager\Scene Manager\ResourceManager\Texture Manager</Filter>
    </ClInclude>
    <ClInclude Include="Source\Engine\Renderer\DX12Renderer\DX12 Pipeline Pass\Blur Pass\DX12BlurPipelinePass.h">
      <Filter>Header Files\Engine\Renderer\DX12Renderer\DX12 Pipeline Pass\Blur Pass</Filter>
    </ClInclude>
    <ClInclude Include="Source\Engine\Renderer\DX12Renderer\DX12 Pipeline Pass\Pipeline Pass Aggregator\DX12PipelinePassAggregator.h">
      <Filter>Header Files\Engine\Renderer\DX12Renderer\DX12 Pipeline Pass\Pipeline Pass Aggregator</Filter>
    </ClInclude>
    <ClInclude Include="Source\Engine\Renderer\DX12Renderer\DX12 Data Structures\DX12PipelineDataStructures.h">
      <Filter>Header Files\Engine\Renderer\DX12Renderer\DX12 Data Structures</Filter>
    </ClInclude>
    <ClInclude Include="Source\Engine\Renderer\DX12Renderer\DX12 Data Structures\DX12ResourceDataStructures.h">
      <Filter>Header Files\Engine\Renderer\DX12Renderer\DX12 Data Structures</Filter>
    </ClInclude>
    <ClInclude Include="Source\Engine\Renderer\DX12Renderer\DX12 Pipeline Pass\Opaque Render Pass\DX12OpaqueRenderPipelinePass.h">
      <Filter>Header Files\Engine\Renderer\DX12Renderer\DX12 Pipeline Pass\Opaque Render Pass</Filter>
    </ClInclude>
    <ClInclude Include="Source\Engine\World Manager\Scene\SceneBlueprint.h">
      <Filter>Header Files\Engine\World Manager\Scene</Filter>
    </ClInclude>
    <ClInclude Include="Source\Engine\World Manager\Scene\SceneFactory.h">
      <Filter>Header Files\Engine\World Manager\Scene</Filter>
    </ClInclude>
    <ClInclude Include="Source\Engine\World Manager\Scene Manager\Entity\EntityType.h">
      <Filter>Header Files\Engine\World Manager\Scene Manager\Entity</Filter>
    </ClInclude>
    <ClInclude Include="Source\Engine\Audio System\Audio Manager\AudioManager.h">
      <Filter>Header Files\Engine\Audio System\Audio Manager</Filter>
    </ClInclude>
    <ClInclude Include="Source\Engine\Audio System\AudioSystem.h">
      <Filter>Header Files\Engine\Audio System</Filter>
    </ClInclude>
    <ClInclude Include="Source\Engine\Audio System\Audio Manager\AudioBufferAsset.h">
      <Filter>Header Files\Engine\Audio System\Audio Manager</Filter>
    </ClInclude>
    <ClInclude Include="Source\Engine\Audio System\Audio Manager\AudioManagerHelper.h">
      <Filter>Header Files\Engine\Audio System\Audio Manager</Filter>
    </ClInclude>
    <ClInclude Include="Source\Engine\Audio System\Audio Manager\Audio Memory Arena\AudioMemoryArena.h">
      <Filter>Header Files\Engine\Audio System\Audio Manager\Audio Memory Arena</Filter>
    </ClInclude>
  </ItemGroup>
  <ItemGroup>
    <ClCompile Include="Source\DX12Demo.cpp">
      <Filter>Source Files</Filter>
    </ClCompile>
    <ClCompile Include="Source\Helper\Helper.cpp">
      <Filter>Source Files\Helper</Filter>
    </ClCompile>
    <ClCompile Include="Source\main.cpp">
      <Filter>Source Files</Filter>
    </ClCompile>
    <ClCompile Include="Source\Engine\Camera\Camera.cpp">
      <Filter>Source Files\Engine\Camera</Filter>
    </ClCompile>
    <ClCompile Include="Source\Game\Game.cpp">
      <Filter>Source Files\Game</Filter>
    </ClCompile>
    <ClCompile Include="Source\Engine\Renderer\DX12Renderer\DX12Renderer.cpp">
      <Filter>Source Files\Engine\Renderer\DX2Renderer</Filter>
    </ClCompile>
    <ClCompile Include="Source\Engine\EngineCore.cpp">
      <Filter>Source Files\Engine</Filter>
    </ClCompile>
    <ClCompile Include="Source\Engine\Input System\XBox\XboxInputSystem.cpp">
      <Filter>Source Files\Engine\Input System\Xbox</Filter>
    </ClCompile>
    <ClCompile Include="Source\Engine\World Manager\WorldManager.cpp">
      <Filter>Source Files\Engine\World Manager</Filter>
    </ClCompile>
    <ClCompile Include="Source\Engine\World Manager\Scene Manager\SceneManager.cpp">
      <Filter>Source Files\Engine\World Manager\Scene Manager</Filter>
    </ClCompile>
    <ClCompile Include="Source\Engine\World Manager\Scene Manager\OctTree\OctTree.cpp">
      <Filter>Source Files\Engine\World Manager\Scene Manager\OctTree</Filter>
    </ClCompile>
    <ClCompile Include="Source\Engine\World Manager\Scene Manager\OctTree\OctTreeNode.cpp">
      <Filter>Source Files\Engine\World Manager\Scene Manager\OctTree</Filter>
    </ClCompile>
    <ClCompile Include="Source\Engine\World Manager\Scene Manager\Resource Manager\ResourceManager.cpp">
      <Filter>Source Files\Engine\World Manager\Scene Manager\ResourceManager</Filter>
    </ClCompile>
    <ClCompile Include="Source\Engine\World Manager\Scene Manager\Entity\Mesh\Mesh.cpp">
      <Filter>Source Files\Engine\World Manager\Scene Manager\Entity\Mesh</Filter>
    </ClCompile>
    <ClCompile Include="Source\Engine\World Manager\Scene Manager\Entity\Entity.cpp">
      <Filter>Source Files\Engine\World Manager\Scene Manager\Entity</Filter>
    </ClCompile>
    <ClCompile Include="Source\Engine\World Manager\Player\Player Logic\PlayerLogic.cpp">
      <Filter>Source Files\Engine\World Manager\Player\Player Logic</Filter>
    </ClCompile>
    <ClCompile Include="Source\Engine\World Manager\Player\Player Animator\PlayerAnimator.cpp">
      <Filter>Source Files\Engine\World Manager\Player\Player Animator</Filter>
    </ClCompile>
    <ClCompile Include="Source\Engine\World Manager\Player\Player.cpp">
      <Filter>Source Files\Engine\World Manager\Player</Filter>
    </ClCompile>
    <ClCompile Include="Source\Game\Game Timer\GameTimer.cpp">
      <Filter>Source Files\Game\Game Timer</Filter>
    </ClCompile>
    <ClCompile Include="Source\Game\Game State\GameState.cpp">
      <Filter>Source Files\Game\Game State</Filter>
    </ClCompile>
    <ClCompile Include="Source\Engine\Physics System\PhysicsSystem.cpp">
      <Filter>Source Files\Engine\Physics System</Filter>
    </ClCompile>
    <ClCompile Include="Source\Engine\World Manager\Scene Manager\Resource Manager\Terrain Manager\TerrainManager.cpp">
      <Filter>Source Files\Engine\World Manager\Scene Manager\ResourceManager\Terrain Manager</Filter>
    </ClCompile>
    <ClCompile Include="Source\Engine\World Manager\Scene Manager\Chunks Manager\Chunk\Chunk.cpp">
      <Filter>Source Files\Engine\World Manager\Scene Manager\Chunks Manager\Chunk</Filter>
    </ClCompile>
    <ClCompile Include="Source\Engine\World Manager\Scene Manager\Chunks Manager\ChunksManager.cpp">
      <Filter>Source Files\Engine\World Manager\Scene Manager\Chunks Manager</Filter>
    </ClCompile>
    <ClCompile Include="Source\Engine\World Manager\Scene Manager\Lights\ILight.cpp">
      <Filter>Source Files\Engine\World Manager\Scene Manager\Lights</Filter>
    </ClCompile>
    <ClCompile Include="Source\Engine\World Manager\Scene Manager\Lights\Directional Lights\DirectionalLight.cpp">
      <Filter>Source Files\Engine\World Manager\Scene Manager\Lights\Directional</Filter>
    </ClCompile>
    <ClCompile Include="Source\Engine\World Manager\Scene Manager\Lights\Lights Manager\LightsManager.cpp">
      <Filter>Source Files\Engine\World Manager\Scene Manager\Lights\Lights Manager</Filter>
    </ClCompile>
    <ClCompile Include="Source\Engine\World Manager\Scene Manager\Resource Manager\Materials Manager\MaterialsManager.cpp">
      <Filter>Source Files\Engine\World Manager\Scene Manager\ResourceManager\Materials Manager</Filter>
    </ClCompile>
    <ClCompile Include="Source\Engine\World Manager\Scene Manager\Resource Manager\Materials Manager\Material\Material.cpp">
      <Filter>Source Files\Engine\World Manager\Scene Manager\ResourceManager\Materials Manager\Material</Filter>
    </ClCompile>
    <ClCompile Include="Source\Engine\Renderer\DX12Renderer\DDS Loader\DDSTextureLoader.cpp">
      <Filter>Source Files\Engine\Renderer\DX2Renderer\DDS Texture Loader</Filter>
    </ClCompile>
    <ClCompile Include="Source\Engine\World Manager\Scene Manager\Resource Manager\Texture Manager\TextureManager.cpp">
      <Filter>Source Files\Engine\World Manager\Scene Manager\ResourceManager\Texture Manager</Filter>
    </ClCompile>
    <ClCompile Include="Source\Engine\Debug System\DebugSystem.cpp">
      <Filter>Source Files\Engine\Debug System</Filter>
    </ClCompile>
    <ClCompile Include="Source\Engine\Renderer\DX12Renderer\DX12 Frame Resource\DX12FrameResource.cpp">
      <Filter>Source Files\Engine\Renderer\DX2Renderer\DX12 Frame Resource</Filter>
    </ClCompile>
    <ClCompile Include="Source\Engine\Renderer\DX12Renderer\DX12 Pipeline Pass\Debug Pass\DX12DebugSystemPipelinePass.cpp">
      <Filter>Source Files\Engine\Renderer\DX2Renderer\DX12 Pipeline Pass\Debug System Pass</Filter>
    </ClCompile>
    <ClCompile Include="Source\Engine\Renderer\DX12Renderer\DX12 Pipeline Pass\IDX12PipelinePass.cpp">
      <Filter>Source Files\Engine\Renderer\DX2Renderer\DX12 Pipeline Pass</Filter>
    </ClCompile>
    <ClCompile Include="Source\Engine\Renderer\DX12Renderer\DX12 Pipeline Pass\Blur Pass\DX12BlurPipelinePass.cpp">
      <Filter>Source Files\Engine\Renderer\DX2Renderer\DX12 Pipeline Pass\Blur Pass</Filter>
    </ClCompile>
    <ClCompile Include="Source\Engine\Renderer\DX12Renderer\DX12 Pipeline Pass\Pipeline Pass Aggregator\DX12PipelinePassAggregator.cpp">
      <Filter>Source Files\Engine\Renderer\DX2Renderer\DX12 Pipeline Pass\Pipeline Pass Aggregator</Filter>
    </ClCompile>
    <ClCompile Include="Source\Engine\Renderer\DX12Renderer\DX12 Pipeline Pass\Opaque Render Pass\DX12OpaqueRenderPipelinePass.cpp">
      <Filter>Source Files\Engine\Renderer\DX2Renderer\DX12 Pipeline Pass\Opaque Render Pass</Filter>
    </ClCompile>
    <ClCompile Include="Source\Engine\World Manager\Scene\SceneFactory.cpp">
      <Filter>Source Files\Engine\World Manager\Scene</Filter>
    </ClCompile>
    <ClCompile Include="Source\Engine\Audio System\Audio Manager\AudioManager.cpp">
      <Filter>Source Files\Engine\Audio System\Audio Manager</Filter>
    </ClCompile>
    <ClCompile Include="Source\Engine\Audio System\AudioSystem.cpp">
      <Filter>Source Files\Engine\Audio System</Filter>
    </ClCompile>
    <ClCompile Include="Source\Engine\Audio System\Audio Manager\Audio Memory Arena\AudioMemoryArena.cpp">
      <Filter>Source Files\Engine\Audio System\Audio Manager\Audio Memory Arena</Filter>
    </ClCompile>
  </ItemGroup>
  <ItemGroup>
    <Image Include="small.ico">
      <Filter>Resource Files</Filter>
    </Image>
    <Image Include="DX12 Demo.ico">
      <Filter>Resource Files</Filter>
    </Image>
    <Image Include="Source\Resources\Heightmaps\Chunk0x0.png">
      <Filter>Resource Files\Heightmaps</Filter>
    </Image>
    <Image Include="Source\Resources\Heightmaps\Chunk0x0-1.png">
      <Filter>Resource Files\Heightmaps</Filter>
    </Image>
    <Image Include="Source\Resources\Textures\WoodCrate01.dds">
      <Filter>Resource Files\Textures</Filter>
    </Image>
    <Image Include="Source\Resources\Fonts\Font.dds">
      <Filter>Resource Files\Fonts</Filter>
    </Image>
    <Image Include="Source\Resources\Heightmaps\chunk0x0-2.png">
      <Filter>Resource Files\Heightmaps</Filter>
    </Image>
    <Image Include="Source\Resources\Heightmaps\Chunk0x0-3.png">
      <Filter>Resource Files\Heightmaps</Filter>
    </Image>
    <Image Include="Source\Resources\Heightmaps\Chunk0x0-4.png">
      <Filter>Resource Files\Heightmaps</Filter>
    </Image>
  </ItemGroup>
  <ItemGroup>
    <None Include="Source\Resources\Shaders\Debug\debug_ps.hlsl">
      <Filter>Resource Files\Shaders\Debug System</Filter>
    </None>
    <None Include="Source\Resources\Shaders\Debug\debug_vs.hlsl">
      <Filter>Resource Files\Shaders\Debug System</Filter>
    </None>
    <None Include="Source\Resources\Shaders\Blur\blur_cs.hlsl">
      <Filter>Resource Files\Shaders\Blur</Filter>
    </None>
    <None Include="Source\Resources\Shaders\color.hlsl">
      <Filter>Resource Files\Shaders\Opaque Render System</Filter>
    </None>
    <None Include="Source\Resources\Shaders\LightingUtil.hlsl">
      <Filter>Resource Files\Shaders\Opaque Render System</Filter>
    </None>
    <None Include="packages.config" />
  </ItemGroup>
  <ItemGroup>
    <Media Include="Source\Resources\Audio\Background\bg-1.wav">
      <Filter>Resource Files\Audio\Background</Filter>
    </Media>
    <Media Include="Source\Resources\Audio\SFX\light_attack.wav">
      <Filter>Resource Files\Audio\SFX</Filter>
    </Media>
  </ItemGroup>
</Project>